// !$*UTF8*$!
{
	archiveVersion = 1;
	classes = {
	};
	objectVersion = 46;
	objects = {

/* Begin PBXBuildFile section */
		AE8D1BC31B7888E6008C5D22 /* main.m in Sources */ = {isa = PBXBuildFile; fileRef = AE8D1BC21B7888E6008C5D22 /* main.m */; };
		AE8D1BC61B7888E6008C5D22 /* AppDelegate.m in Sources */ = {isa = PBXBuildFile; fileRef = AE8D1BC51B7888E6008C5D22 /* AppDelegate.m */; };
		AE8D1BCC1B7888E6008C5D22 /* Main.storyboard in Resources */ = {isa = PBXBuildFile; fileRef = AE8D1BCA1B7888E6008C5D22 /* Main.storyboard */; };
		AE8D1BCE1B7888E6008C5D22 /* Images.xcassets in Resources */ = {isa = PBXBuildFile; fileRef = AE8D1BCD1B7888E6008C5D22 /* Images.xcassets */; };
		AE8D1BD11B7888E6008C5D22 /* LaunchScreen.xib in Resources */ = {isa = PBXBuildFile; fileRef = AE8D1BCF1B7888E6008C5D22 /* LaunchScreen.xib */; };
		AE8D1BDD1B7888E6008C5D22 /* CGAffineTransformTestTests.m in Sources */ = {isa = PBXBuildFile; fileRef = AE8D1BDC1B7888E6008C5D22 /* CGAffineTransformTestTests.m */; };
		AEF405E71B79AD6100941D57 /* AffineTransfromViewController.m in Sources */ = {isa = PBXBuildFile; fileRef = AEF405E61B79AD6100941D57 /* AffineTransfromViewController.m */; };
		AEF405EA1B79C75D00941D57 /* AFfineTransfromViewShow.m in Sources */ = {isa = PBXBuildFile; fileRef = AEF405E91B79C75D00941D57 /* AFfineTransfromViewShow.m */; };
		AEF405EC1B79C83700941D57 /* transform.jpg in Resources */ = {isa = PBXBuildFile; fileRef = AEF405EB1B79C83700941D57 /* transform.jpg */; };
/* End PBXBuildFile section */

/* Begin PBXContainerItemProxy section */
		AE8D1BD71B7888E6008C5D22 /* PBXContainerItemProxy */ = {
			isa = PBXContainerItemProxy;
			containerPortal = AE8D1BB51B7888E6008C5D22 /* Project object */;
			proxyType = 1;
			remoteGlobalIDString = AE8D1BBC1B7888E6008C5D22;
			remoteInfo = CGAffineTransformTest;
		};
/* End PBXContainerItemProxy section */

/* Begin PBXFileReference section */
		AE8D1BBD1B7888E6008C5D22 /* CGAffineTransformTest.app */ = {isa = PBXFileReference; explicitFileType = wrapper.application; includeInIndex = 0; path = CGAffineTransformTest.app; sourceTree = BUILT_PRODUCTS_DIR; };
		AE8D1BC11B7888E6008C5D22 /* Info.plist */ = {isa = PBXFileReference; lastKnownFileType = text.plist.xml; path = Info.plist; sourceTree = "<group>"; };
		AE8D1BC21B7888E6008C5D22 /* main.m */ = {isa = PBXFileReference; lastKnownFileType = sourcecode.c.objc; path = main.m; sourceTree = "<group>"; };
		AE8D1BC41B7888E6008C5D22 /* AppDelegate.h */ = {isa = PBXFileReference; lastKnownFileType = sourcecode.c.h; path = AppDelegate.h; sourceTree = "<group>"; };
		AE8D1BC51B7888E6008C5D22 /* AppDelegate.m */ = {isa = PBXFileReference; lastKnownFileType = sourcecode.c.objc; path = AppDelegate.m; sourceTree = "<group>"; };
		AE8D1BCB1B7888E6008C5D22 /* Base */ = {isa = PBXFileReference; lastKnownFileType = file.storyboard; name = Base; path = Base.lproj/Main.storyboard; sourceTree = "<group>"; };
		AE8D1BCD1B7888E6008C5D22 /* Images.xcassets */ = {isa = PBXFileReference; lastKnownFileType = folder.assetcatalog; path = Images.xcassets; sourceTree = "<group>"; };
		AE8D1BD01B7888E6008C5D22 /* Base */ = {isa = PBXFileReference; lastKnownFileType = file.xib; name = Base; path = Base.lproj/LaunchScreen.xib; sourceTree = "<group>"; };
		AE8D1BD61B7888E6008C5D22 /* CGAffineTransformTestTests.xctest */ = {isa = PBXFileReference; explicitFileType = wrapper.cfbundle; includeInIndex = 0; path = CGAffineTransformTestTests.xctest; sourceTree = BUILT_PRODUCTS_DIR; };
		AE8D1BDB1B7888E6008C5D22 /* Info.plist */ = {isa = PBXFileReference; lastKnownFileType = text.plist.xml; path = Info.plist; sourceTree = "<group>"; };
		AE8D1BDC1B7888E6008C5D22 /* CGAffineTransformTestTests.m */ = {isa = PBXFileReference; lastKnownFileType = sourcecode.c.objc; path = CGAffineTransformTestTests.m; sourceTree = "<group>"; };
		AEF405E51B79AD6100941D57 /* AffineTransfromViewController.h */ = {isa = PBXFileReference; fileEncoding = 4; lastKnownFileType = sourcecode.c.h; path = AffineTransfromViewController.h; sourceTree = "<group>"; };
		AEF405E61B79AD6100941D57 /* AffineTransfromViewController.m */ = {isa = PBXFileReference; fileEncoding = 4; lastKnownFileType = sourcecode.c.objc; path = AffineTransfromViewController.m; sourceTree = "<group>"; };
		AEF405E81B79C75D00941D57 /* AFfineTransfromViewShow.h */ = {isa = PBXFileReference; fileEncoding = 4; lastKnownFileType = sourcecode.c.h; path = AFfineTransfromViewShow.h; sourceTree = "<group>"; };
		AEF405E91B79C75D00941D57 /* AFfineTransfromViewShow.m */ = {isa = PBXFileReference; fileEncoding = 4; lastKnownFileType = sourcecode.c.objc; path = AFfineTransfromViewShow.m; sourceTree = "<group>"; };
		AEF405EB1B79C83700941D57 /* transform.jpg */ = {isa = PBXFileReference; lastKnownFileType = image.jpeg; path = transform.jpg; sourceTree = "<group>"; };
/* End PBXFileReference section */

/* Begin PBXFrameworksBuildPhase section */
		AE8D1BBA1B7888E6008C5D22 /* Frameworks */ = {
			isa = PBXFrameworksBuildPhase;
			buildActionMask = 2147483647;
			files = (
			);
			runOnlyForDeploymentPostprocessing = 0;
		};
		AE8D1BD31B7888E6008C5D22 /* Frameworks */ = {
			isa = PBXFrameworksBuildPhase;
			buildActionMask = 2147483647;
			files = (
			);
			runOnlyForDeploymentPostprocessing = 0;
		};
/* End PBXFrameworksBuildPhase section */

/* Begin PBXGroup section */
		AE8D1BB41B7888E6008C5D22 = {
			isa = PBXGroup;
			children = (
				AEF405EB1B79C83700941D57 /* transform.jpg */,
				AEF405E81B79C75D00941D57 /* AFfineTransfromViewShow.h */,
				AEF405E91B79C75D00941D57 /* AFfineTransfromViewShow.m */,
				AEF405E51B79AD6100941D57 /* AffineTransfromViewController.h */,
				AEF405E61B79AD6100941D57 /* AffineTransfromViewController.m */,
				AE8D1BBF1B7888E6008C5D22 /* CGAffineTransformTest */,
				AE8D1BD91B7888E6008C5D22 /* CGAffineTransformTestTests */,
				AE8D1BBE1B7888E6008C5D22 /* Products */,
			);
			sourceTree = "<group>";
		};
		AE8D1BBE1B7888E6008C5D22 /* Products */ = {
			isa = PBXGroup;
			children = (
				AE8D1BBD1B7888E6008C5D22 /* CGAffineTransformTest.app */,
				AE8D1BD61B7888E6008C5D22 /* CGAffineTransformTestTests.xctest */,
			);
			name = Products;
			sourceTree = "<group>";
		};
		AE8D1BBF1B7888E6008C5D22 /* CGAffineTransformTest */ = {
			isa = PBXGroup;
			children = (
				AE8D1BC41B7888E6008C5D22 /* AppDelegate.h */,
				AE8D1BC51B7888E6008C5D22 /* AppDelegate.m */,
				AE8D1BCA1B7888E6008C5D22 /* Main.storyboard */,
				AE8D1BCD1B7888E6008C5D22 /* Images.xcassets */,
				AE8D1BCF1B7888E6008C5D22 /* LaunchScreen.xib */,
				AE8D1BC01B7888E6008C5D22 /* Supporting Files */,
			);
			path = CGAffineTransformTest;
			sourceTree = "<group>";
		};
		AE8D1BC01B7888E6008C5D22 /* Supporting Files */ = {
			isa = PBXGroup;
			children = (
				AE8D1BC11B7888E6008C5D22 /* Info.plist */,
				AE8D1BC21B7888E6008C5D22 /* main.m */,
			);
			name = "Supporting Files";
			sourceTree = "<group>";
		};
		AE8D1BD91B7888E6008C5D22 /* CGAffineTransformTestTests */ = {
			isa = PBXGroup;
			children = (
				AE8D1BDC1B7888E6008C5D22 /* CGAffineTransformTestTests.m */,
				AE8D1BDA1B7888E6008C5D22 /* Supporting Files */,
			);
			path = CGAffineTransformTestTests;
			sourceTree = "<group>";
		};
		AE8D1BDA1B7888E6008C5D22 /* Supporting Files */ = {
			isa = PBXGroup;
			children = (
				AE8D1BDB1B7888E6008C5D22 /* Info.plist */,
			);
			name = "Supporting Files";
			sourceTree = "<group>";
		};
/* End PBXGroup section */

/* Begin PBXNativeTarget section */
		AE8D1BBC1B7888E6008C5D22 /* CGAffineTransformTest */ = {
			isa = PBXNativeTarget;
			buildConfigurationList = AE8D1BE01B7888E6008C5D22 /* Build configuration list for PBXNativeTarget "CGAffineTransformTest" */;
			buildPhases = (
				AE8D1BB91B7888E6008C5D22 /* Sources */,
				AE8D1BBA1B7888E6008C5D22 /* Frameworks */,
				AE8D1BBB1B7888E6008C5D22 /* Resources */,
			);
			buildRules = (
			);
			dependencies = (
			);
			name = CGAffineTransformTest;
			productName = CGAffineTransformTest;
			productReference = AE8D1BBD1B7888E6008C5D22 /* CGAffineTransformTest.app */;
			productType = "com.apple.product-type.application";
		};
		AE8D1BD51B7888E6008C5D22 /* CGAffineTransformTestTests */ = {
			isa = PBXNativeTarget;
			buildConfigurationList = AE8D1BE31B7888E6008C5D22 /* Build configuration list for PBXNativeTarget "CGAffineTransformTestTests" */;
			buildPhases = (
				AE8D1BD21B7888E6008C5D22 /* Sources */,
				AE8D1BD31B7888E6008C5D22 /* Frameworks */,
				AE8D1BD41B7888E6008C5D22 /* Resources */,
			);
			buildRules = (
			);
			dependencies = (
				AE8D1BD81B7888E6008C5D22 /* PBXTargetDependency */,
			);
			name = CGAffineTransformTestTests;
			productName = CGAffineTransformTestTests;
			productReference = AE8D1BD61B7888E6008C5D22 /* CGAffineTransformTestTests.xctest */;
			productType = "com.apple.product-type.bundle.unit-test";
		};
/* End PBXNativeTarget section */

/* Begin PBXProject section */
		AE8D1BB51B7888E6008C5D22 /* Project object */ = {
			isa = PBXProject;
			attributes = {
				LastUpgradeCheck = 0640;
				ORGANIZATIONNAME = "温杰";
				TargetAttributes = {
					AE8D1BBC1B7888E6008C5D22 = {
						CreatedOnToolsVersion = 6.4;
					};
					AE8D1BD51B7888E6008C5D22 = {
						CreatedOnToolsVersion = 6.4;
						TestTargetID = AE8D1BBC1B7888E6008C5D22;
					};
				};
			};
			buildConfigurationList = AE8D1BB81B7888E6008C5D22 /* Build configuration list for PBXProject "CGAffineTransformTest" */;
			compatibilityVersion = "Xcode 3.2";
			developmentRegion = English;
			hasScannedForEncodings = 0;
			knownRegions = (
				en,
				Base,
			);
			mainGroup = AE8D1BB41B7888E6008C5D22;
			productRefGroup = AE8D1BBE1B7888E6008C5D22 /* Products */;
			projectDirPath = "";
			projectRoot = "";
			targets = (
				AE8D1BBC1B7888E6008C5D22 /* CGAffineTransformTest */,
				AE8D1BD51B7888E6008C5D22 /* CGAffineTransformTestTests */,
			);
		};
/* End PBXProject section */

/* Begin PBXResourcesBuildPhase section */
		AE8D1BBB1B7888E6008C5D22 /* Resources */ = {
			isa = PBXResourcesBuildPhase;
			buildActionMask = 2147483647;
			files = (
				AEF405EC1B79C83700941D57 /* transform.jpg in Resources */,
				AE8D1BCC1B7888E6008C5D22 /* Main.storyboard in Resources */,
				AE8D1BD11B7888E6008C5D22 /* LaunchScreen.xib in Resources */,
				AE8D1BCE1B7888E6008C5D22 /* Images.xcassets in Resources */,
			);
			runOnlyForDeploymentPostprocessing = 0;
		};
		AE8D1BD41B7888E6008C5D22 /* Resources */ = {
			isa = PBXResourcesBuildPhase;
			buildActionMask = 2147483647;
			files = (
			);
			runOnlyForDeploymentPostprocessing = 0;
		};
/* End PBXResourcesBuildPhase section */

/* Begin PBXSourcesBuildPhase section */
		AE8D1BB91B7888E6008C5D22 /* Sources */ = {
			isa = PBXSourcesBuildPhase;
			buildActionMask = 2147483647;
			files = (
				AEF405E71B79AD6100941D57 /* AffineTransfromViewController.m in Sources */,
				AEF405EA1B79C75D00941D57 /* AFfineTransfromViewShow.m in Sources */,
				AE8D1BC61B7888E6008C5D22 /* AppDelegate.m in Sources */,
				AE8D1BC31B7888E6008C5D22 /* main.m in Sources */,
			);
			runOnlyForDeploymentPostprocessing = 0;
		};
		AE8D1BD21B7888E6008C5D22 /* Sources */ = {
			isa = PBXSourcesBuildPhase;
			buildActionMask = 2147483647;
			files = (
				AE8D1BDD1B7888E6008C5D22 /* CGAffineTransformTestTests.m in Sources */,
			);
			runOnlyForDeploymentPostprocessing = 0;
		};
/* End PBXSourcesBuildPhase section */

/* Begin PBXTargetDependency section */
		AE8D1BD81B7888E6008C5D22 /* PBXTargetDependency */ = {
			isa = PBXTargetDependency;
			target = AE8D1BBC1B7888E6008C5D22 /* CGAffineTransformTest */;
			targetProxy = AE8D1BD71B7888E6008C5D22 /* PBXContainerItemProxy */;
		};
/* End PBXTargetDependency section */

/* Begin PBXVariantGroup section */
		AE8D1BCA1B7888E6008C5D22 /* Main.storyboard */ = {
			isa = PBXVariantGroup;
			children = (
				AE8D1BCB1B7888E6008C5D22 /* Base */,
			);
			name = Main.storyboard;
			sourceTree = "<group>";
		};
		AE8D1BCF1B7888E6008C5D22 /* LaunchScreen.xib */ = {
			isa = PBXVariantGroup;
			children = (
				AE8D1BD01B7888E6008C5D22 /* Base */,
			);
			name = LaunchScreen.xib;
			sourceTree = "<group>";
		};
/* End PBXVariantGroup section */

/* Begin XCBuildConfiguration section */
		AE8D1BDE1B7888E6008C5D22 /* Debug */ = {
			isa = XCBuildConfiguration;
			buildSettings = {
				ALWAYS_SEARCH_USER_PATHS = NO;
				CLANG_CXX_LANGUAGE_STANDARD = "gnu++0x";
				CLANG_CXX_LIBRARY = "libc++";
				CLANG_ENABLE_MODULES = YES;
				CLANG_ENABLE_OBJC_ARC = YES;
				CLANG_WARN_BOOL_CONVERSION = YES;
				CLANG_WARN_CONSTANT_CONVERSION = YES;
				CLANG_WARN_DIRECT_OBJC_ISA_USAGE = YES_ERROR;
				CLANG_WARN_EMPTY_BODY = YES;
				CLANG_WARN_ENUM_CONVERSION = YES;
				CLANG_WARN_INT_CONVERSION = YES;
				CLANG_WARN_OBJC_ROOT_CLASS = YES_ERROR;
				CLANG_WARN_UNREACHABLE_CODE = YES;
				CLANG_WARN__DUPLICATE_METHOD_MATCH = YES;
				"CODE_SIGN_IDENTITY[sdk=iphoneos*]" = "iPhone Developer";
				COPY_PHASE_STRIP = NO;
				DEBUG_INFORMATION_FORMAT = "dwarf-with-dsym";
				ENABLE_STRICT_OBJC_MSGSEND = YES;
				GCC_C_LANGUAGE_STANDARD = gnu99;
				GCC_DYNAMIC_NO_PIC = NO;
				GCC_NO_COMMON_BLOCKS = YES;
				GCC_OPTIMIZATION_LEVEL = 0;
				GCC_PREPROCESSOR_DEFINITIONS = (
					"DEBUG=1",
					"$(inherited)",
				);
				GCC_SYMBOLS_PRIVATE_EXTERN = NO;
				GCC_WARN_64_TO_32_BIT_CONVERSION = YES;
				GCC_WARN_ABOUT_RETURN_TYPE = YES_ERROR;
				GCC_WARN_UNDECLARED_SELECTOR = YES;
				GCC_WARN_UNINITIALIZED_AUTOS = YES_AGGRESSIVE;
				GCC_WARN_UNUSED_FUNCTION = YES;
				GCC_WARN_UNUSED_VARIABLE = YES;
				IPHONEOS_DEPLOYMENT_TARGET = 8.4;
				MTL_ENABLE_DEBUG_INFO = YES;
				ONLY_ACTIVE_ARCH = YES;
				SDKROOT = iphoneos;
			};
			name = Debug;
		};
		AE8D1BDF1B7888E6008C5D22 /* Release */ = {
			isa = XCBuildConfiguration;
			buildSettings = {
				ALWAYS_SEARCH_USER_PATHS = NO;
				CLANG_CXX_LANGUAGE_STANDARD = "gnu++0x";
				CLANG_CXX_LIBRARY = "libc++";
				CLANG_ENABLE_MODULES = YES;
				CLANG_ENABLE_OBJC_ARC = YES;
				CLANG_WARN_BOOL_CONVERSION = YES;
				CLANG_WARN_CONSTANT_CONVERSION = YES;
				CLANG_WARN_DIRECT_OBJC_ISA_USAGE = YES_ERROR;
				CLANG_WARN_EMPTY_BODY = YES;
				CLANG_WARN_ENUM_CONVERSION = YES;
				CLANG_WARN_INT_CONVERSION = YES;
				CLANG_WARN_OBJC_ROOT_CLASS = YES_ERROR;
				CLANG_WARN_UNREACHABLE_CODE = YES;
				CLANG_WARN__DUPLICATE_METHOD_MATCH = YES;
				"CODE_SIGN_IDENTITY[sdk=iphoneos*]" = "iPhone Developer";
				COPY_PHASE_STRIP = NO;
				DEBUG_INFORMATION_FORMAT = "dwarf-with-dsym";
				ENABLE_NS_ASSERTIONS = NO;
				ENABLE_STRICT_OBJC_MSGSEND = YES;
				GCC_C_LANGUAGE_STANDARD = gnu99;
				GCC_NO_COMMON_BLOCKS = YES;
				GCC_WARN_64_TO_32_BIT_CONVERSION = YES;
				GCC_WARN_ABOUT_RETURN_TYPE = YES_ERROR;
				GCC_WARN_UNDECLARED_SELECTOR = YES;
				GCC_WARN_UNINITIALIZED_AUTOS = YES_AGGRESSIVE;
				GCC_WARN_UNUSED_FUNCTION = YES;
				GCC_WARN_UNUSED_VARIABLE = YES;
				IPHONEOS_DEPLOYMENT_TARGET = 8.4;
				MTL_ENABLE_DEBUG_INFO = NO;
				SDKROOT = iphoneos;
				VALIDATE_PRODUCT = YES;
			};
			name = Release;
		};
		AE8D1BE11B7888E6008C5D22 /* Debug */ = {
			isa = XCBuildConfiguration;
			buildSettings = {
				ASSETCATALOG_COMPILER_APPICON_NAME = AppIcon;
				INFOPLIST_FILE = CGAffineTransformTest/Info.plist;
				LD_RUNPATH_SEARCH_PATHS = "$(inherited) @executable_path/Frameworks";
				PRODUCT_NAME = "$(TARGET_NAME)";
			};
			name = Debug;
		};
		AE8D1BE21B7888E6008C5D22 /* Release */ = {
			isa = XCBuildConfiguration;
			buildSettings = {
				ASSETCATALOG_COMPILER_APPICON_NAME = AppIcon;
				INFOPLIST_FILE = CGAffineTransformTest/Info.plist;
				LD_RUNPATH_SEARCH_PATHS = "$(inherited) @executable_path/Frameworks";
				PRODUCT_NAME = "$(TARGET_NAME)";
			};
			name = Release;
		};
		AE8D1BE41B7888E6008C5D22 /* Debug */ = {
			isa = XCBuildConfiguration;
			buildSettings = {
				BUNDLE_LOADER = "$(TEST_HOST)";
				FRAMEWORK_SEARCH_PATHS = (
					"$(SDKROOT)/Developer/Library/Frameworks",
					"$(inherited)",
				);
				GCC_PREPROCESSOR_DEFINITIONS = (
					"DEBUG=1",
					"$(inherited)",
				);
				INFOPLIST_FILE = CGAffineTransformTestTests/Info.plist;
				LD_RUNPATH_SEARCH_PATHS = "$(inherited) @executable_path/Frameworks @loader_path/Frameworks";
				PRODUCT_NAME = "$(TARGET_NAME)";
				TEST_HOST = "$(BUILT_PRODUCTS_DIR)/CGAffineTransformTest.app/CGAffineTransformTest";
			};
			name = Debug;
		};
		AE8D1BE51B7888E6008C5D22 /* Release */ = {
			isa = XCBuildConfiguration;
			buildSettings = {
				BUNDLE_LOADER = "$(TEST_HOST)";
				FRAMEWORK_SEARCH_PATHS = (
					"$(SDKROOT)/Developer/Library/Frameworks",
					"$(inherited)",
				);
				INFOPLIST_FILE = CGAffineTransformTestTests/Info.plist;
				LD_RUNPATH_SEARCH_PATHS = "$(inherited) @executable_path/Frameworks @loader_path/Frameworks";
				PRODUCT_NAME = "$(TARGET_NAME)";
				TEST_HOST = "$(BUILT_PRODUCTS_DIR)/CGAffineTransformTest.app/CGAffineTransformTest";
			};
			name = Release;
		};
/* End XCBuildConfiguration section */

/* Begin XCConfigurationList section */
		AE8D1BB81B7888E6008C5D22 /* Build configuration list for PBXProject "CGAffineTransformTest" */ = {
			isa = XCConfigurationList;
			buildConfigurations = (
				AE8D1BDE1B7888E6008C5D22 /* Debug */,
				AE8D1BDF1B7888E6008C5D22 /* Release */,
			);
			defaultConfigurationIsVisible = 0;
			defaultConfigurationName = Release;
		};
		AE8D1BE01B7888E6008C5D22 /* Build configuration list for PBXNativeTarget "CGAffineTransformTest" */ = {
			isa = XCConfigurationList;
			buildConfigurations = (
				AE8D1BE11B7888E6008C5D22 /* Debug */,
				AE8D1BE21B7888E6008C5D22 /* Release */,
			);
			defaultConfigurationIsVisible = 0;
			defaultConfigurationName = Release;
		};
		AE8D1BE31B7888E6008C5D22 /* Build configuration list for PBXNativeTarget "CGAffineTransformTestTests" */ = {
			isa = XCConfigurationList;
			buildConfigurations = (
				AE8D1BE41B7888E6008C5D22 /* Debug */,
				AE8D1BE51B7888E6008C5D22 /* Release */,
			);
			defaultConfigurationIsVisible = 0;
			defaultConfigurationName = Release;
		};
/* End XCConfigurationList section */
	};
	rootObject = AE8D1BB51B7888E6008C5D22 /* Project object */;
}
